
Microsoft Visual Studio Solution File, Format Version 12.00
# Visual Studio 14
VisualStudioVersion = 14.0.25123.0
MinimumVisualStudioVersion = 10.0.40219.1
Project("{8BC9CEB8-8B4A-11D0-8D11-00A0C91BC942}") = "example2", "example2\example2.vcxproj", "{C399C81D-99E6-458C-B3C1-75E1D9D6C2D2}"
EndProject
Project("{8BC9CEB8-8B4A-11D0-8D11-00A0C91BC942}") = "example1", "example1\example1.vcxproj", "{E1C9B074-B713-41DE-83F8-A24A7AC14CD2}"
EndProject
Project("{8BC9CEB8-8B4A-11D0-8D11-00A0C91BC942}") = "q1", "q1\q1.vcxproj", "{C8346633-5D3E-4EA3-A4E7-7553ED893CC7}"
EndProject
Project("{8BC9CEB8-8B4A-11D0-8D11-00A0C91BC942}") = "q2", "q2\q2.vcxproj", "{EE5A91F4-4EF7-439B-BCB4-773AC3812CE1}"
EndProject
Project("{8BC9CEB8-8B4A-11D0-8D11-00A0C91BC942}") = "q3", "q3\q3.vcxproj", "{73327727-020A-4E95-9CF0-C76E690069A2}"
EndProject
Project("{8BC9CEB8-8B4A-11D0-8D11-00A0C91BC942}") = "parallel", "parallel\parallel.vcxproj", "{791D285A-08E6-43F4-A289-5DEE3D2DAF22}"
EndProject
Project("{8BC9CEB8-8B4A-11D0-8D11-00A0C91BC942}") = "lambda", "lambda\lambda.vcxproj", "{72F2C8DA-8754-4E7B-985C-BE183F207C57}"
EndProject
Project("{8BC9CEB8-8B4A-11D0-8D11-00A0C91BC942}") = "q2-normalize", "q2-normalize\q2-normalize.vcxproj", "{C6BF5E15-9529-4DE7-9CF2-47C21221E97D}"
EndProject
Project("{8BC9CEB8-8B4A-11D0-8D11-00A0C91BC942}") = "q2-reverse", "q2-reverse\q2-reverse.vcxproj", "{2D430614-F2C9-4FD8-A845-F1524B0652EB}"
EndProject
Project("{8BC9CEB8-8B4A-11D0-8D11-00A0C91BC942}") = "q2-replace", "q2-replace\q2-replace.vcxproj", "{0C2AA2FB-9D6B-46A9-996A-C2D402CACBFB}"
EndProject
Project("{8BC9CEB8-8B4A-11D0-8D11-00A0C91BC942}") = "q2-apaptor", "q2-apaptor\q2-apaptor.vcxproj", "{4AA57007-7541-483A-B3C4-458F13D9811D}"
EndProject
Project("{8BC9CEB8-8B4A-11D0-8D11-00A0C91BC942}") = "example0", "example0\example0.vcxproj", "{58FA6C9C-FE7F-40AB-91D0-6F3DEEEFCC91}"
EndProject
Global
	GlobalSection(SolutionConfigurationPlatforms) = preSolution
		Debug|x64 = Debug|x64
		Debug|x86 = Debug|x86
		Release|x64 = Release|x64
		Release|x86 = Release|x86
	EndGlobalSection
	GlobalSection(ProjectConfigurationPlatforms) = postSolution
		{C399C81D-99E6-458C-B3C1-75E1D9D6C2D2}.Debug|x64.ActiveCfg = Debug|x64
		{C399C81D-99E6-458C-B3C1-75E1D9D6C2D2}.Debug|x64.Build.0 = Debug|x64
		{C399C81D-99E6-458C-B3C1-75E1D9D6C2D2}.Debug|x86.ActiveCfg = Debug|Win32
		{C399C81D-99E6-458C-B3C1-75E1D9D6C2D2}.Debug|x86.Build.0 = Debug|Win32
		{C399C81D-99E6-458C-B3C1-75E1D9D6C2D2}.Release|x64.ActiveCfg = Release|x64
		{C399C81D-99E6-458C-B3C1-75E1D9D6C2D2}.Release|x64.Build.0 = Release|x64
		{C399C81D-99E6-458C-B3C1-75E1D9D6C2D2}.Release|x86.ActiveCfg = Release|Win32
		{C399C81D-99E6-458C-B3C1-75E1D9D6C2D2}.Release|x86.Build.0 = Release|Win32
		{E1C9B074-B713-41DE-83F8-A24A7AC14CD2}.Debug|x64.ActiveCfg = Debug|x64
		{E1C9B074-B713-41DE-83F8-A24A7AC14CD2}.Debug|x64.Build.0 = Debug|x64
		{E1C9B074-B713-41DE-83F8-A24A7AC14CD2}.Debug|x86.ActiveCfg = Debug|Win32
		{E1C9B074-B713-41DE-83F8-A24A7AC14CD2}.Debug|x86.Build.0 = Debug|Win32
		{E1C9B074-B713-41DE-83F8-A24A7AC14CD2}.Release|x64.ActiveCfg = Release|x64
		{E1C9B074-B713-41DE-83F8-A24A7AC14CD2}.Release|x64.Build.0 = Release|x64
		{E1C9B074-B713-41DE-83F8-A24A7AC14CD2}.Release|x86.ActiveCfg = Release|Win32
		{E1C9B074-B713-41DE-83F8-A24A7AC14CD2}.Release|x86.Build.0 = Release|Win32
		{C8346633-5D3E-4EA3-A4E7-7553ED893CC7}.Debug|x64.ActiveCfg = Debug|x64
		{C8346633-5D3E-4EA3-A4E7-7553ED893CC7}.Debug|x64.Build.0 = Debug|x64
		{C8346633-5D3E-4EA3-A4E7-7553ED893CC7}.Debug|x86.ActiveCfg = Debug|Win32
		{C8346633-5D3E-4EA3-A4E7-7553ED893CC7}.Debug|x86.Build.0 = Debug|Win32
		{C8346633-5D3E-4EA3-A4E7-7553ED893CC7}.Release|x64.ActiveCfg = Release|x64
		{C8346633-5D3E-4EA3-A4E7-7553ED893CC7}.Release|x64.Build.0 = Release|x64
		{C8346633-5D3E-4EA3-A4E7-7553ED893CC7}.Release|x86.ActiveCfg = Release|Win32
		{C8346633-5D3E-4EA3-A4E7-7553ED893CC7}.Release|x86.Build.0 = Release|Win32
		{EE5A91F4-4EF7-439B-BCB4-773AC3812CE1}.Debug|x64.ActiveCfg = Debug|x64
		{EE5A91F4-4EF7-439B-BCB4-773AC3812CE1}.Debug|x64.Build.0 = Debug|x64
		{EE5A91F4-4EF7-439B-BCB4-773AC3812CE1}.Debug|x86.ActiveCfg = Debug|Win32
		{EE5A91F4-4EF7-439B-BCB4-773AC3812CE1}.Debug|x86.Build.0 = Debug|Win32
		{EE5A91F4-4EF7-439B-BCB4-773AC3812CE1}.Release|x64.ActiveCfg = Release|x64
		{EE5A91F4-4EF7-439B-BCB4-773AC3812CE1}.Release|x64.Build.0 = Release|x64
		{EE5A91F4-4EF7-439B-BCB4-773AC3812CE1}.Release|x86.ActiveCfg = Release|Win32
		{EE5A91F4-4EF7-439B-BCB4-773AC3812CE1}.Release|x86.Build.0 = Release|Win32
		{73327727-020A-4E95-9CF0-C76E690069A2}.Debug|x64.ActiveCfg = Debug|x64
		{73327727-020A-4E95-9CF0-C76E690069A2}.Debug|x64.Build.0 = Debug|x64
		{73327727-020A-4E95-9CF0-C76E690069A2}.Debug|x86.ActiveCfg = Debug|Win32
		{73327727-020A-4E95-9CF0-C76E690069A2}.Debug|x86.Build.0 = Debug|Win32
		{73327727-020A-4E95-9CF0-C76E690069A2}.Release|x64.ActiveCfg = Release|x64
		{73327727-020A-4E95-9CF0-C76E690069A2}.Release|x64.Build.0 = Release|x64
		{73327727-020A-4E95-9CF0-C76E690069A2}.Release|x86.ActiveCfg = Release|Win32
		{73327727-020A-4E95-9CF0-C76E690069A2}.Release|x86.Build.0 = Release|Win32
		{791D285A-08E6-43F4-A289-5DEE3D2DAF22}.Debug|x64.ActiveCfg = Debug|x64
		{791D285A-08E6-43F4-A289-5DEE3D2DAF22}.Debug|x64.Build.0 = Debug|x64
		{791D285A-08E6-43F4-A289-5DEE3D2DAF22}.Debug|x86.ActiveCfg = Debug|Win32
		{791D285A-08E6-43F4-A289-5DEE3D2DAF22}.Debug|x86.Build.0 = Debug|Win32
		{791D285A-08E6-43F4-A289-5DEE3D2DAF22}.Release|x64.ActiveCfg = Release|x64
		{791D285A-08E6-43F4-A289-5DEE3D2DAF22}.Release|x64.Build.0 = Release|x64
		{791D285A-08E6-43F4-A289-5DEE3D2DAF22}.Release|x86.ActiveCfg = Release|Win32
		{791D285A-08E6-43F4-A289-5DEE3D2DAF22}.Release|x86.Build.0 = Release|Win32
		{72F2C8DA-8754-4E7B-985C-BE183F207C57}.Debug|x64.ActiveCfg = Debug|x64
		{72F2C8DA-8754-4E7B-985C-BE183F207C57}.Debug|x64.Build.0 = Debug|x64
		{72F2C8DA-8754-4E7B-985C-BE183F207C57}.Debug|x86.ActiveCfg = Debug|Win32
		{72F2C8DA-8754-4E7B-985C-BE183F207C57}.Debug|x86.Build.0 = Debug|Win32
		{72F2C8DA-8754-4E7B-985C-BE183F207C57}.Release|x64.ActiveCfg = Release|x64
		{72F2C8DA-8754-4E7B-985C-BE183F207C57}.Release|x64.Build.0 = Release|x64
		{72F2C8DA-8754-4E7B-985C-BE183F207C57}.Release|x86.ActiveCfg = Release|Win32
		{72F2C8DA-8754-4E7B-985C-BE183F207C57}.Release|x86.Build.0 = Release|Win32
		{C6BF5E15-9529-4DE7-9CF2-47C21221E97D}.Debug|x64.ActiveCfg = Debug|x64
		{C6BF5E15-9529-4DE7-9CF2-47C21221E97D}.Debug|x64.Build.0 = Debug|x64
		{C6BF5E15-9529-4DE7-9CF2-47C21221E97D}.Debug|x86.ActiveCfg = Debug|Win32
		{C6BF5E15-9529-4DE7-9CF2-47C21221E97D}.Debug|x86.Build.0 = Debug|Win32
		{C6BF5E15-9529-4DE7-9CF2-47C21221E97D}.Release|x64.ActiveCfg = Release|x64
		{C6BF5E15-9529-4DE7-9CF2-47C21221E97D}.Release|x64.Build.0 = Release|x64
		{C6BF5E15-9529-4DE7-9CF2-47C21221E97D}.Release|x86.ActiveCfg = Release|Win32
		{C6BF5E15-9529-4DE7-9CF2-47C21221E97D}.Release|x86.Build.0 = Release|Win32
		{2D430614-F2C9-4FD8-A845-F1524B0652EB}.Debug|x64.ActiveCfg = Debug|x64
		{2D430614-F2C9-4FD8-A845-F1524B0652EB}.Debug|x64.Build.0 = Debug|x64
		{2D430614-F2C9-4FD8-A845-F1524B0652EB}.Debug|x86.ActiveCfg = Debug|Win32
		{2D430614-F2C9-4FD8-A845-F1524B0652EB}.Debug|x86.Build.0 = Debug|Win32
		{2D430614-F2C9-4FD8-A845-F1524B0652EB}.Release|x64.ActiveCfg = Release|x64
		{2D430614-F2C9-4FD8-A845-F1524B0652EB}.Release|x64.Build.0 = Release|x64
		{2D430614-F2C9-4FD8-A845-F1524B0652EB}.Release|x86.ActiveCfg = Release|Win32
		{2D430614-F2C9-4FD8-A845-F1524B0652EB}.Release|x86.Build.0 = Release|Win32
		{0C2AA2FB-9D6B-46A9-996A-C2D402CACBFB}.Debug|x64.ActiveCfg = Debug|x64
		{0C2AA2FB-9D6B-46A9-996A-C2D402CACBFB}.Debug|x64.Build.0 = Debug|x64
		{0C2AA2FB-9D6B-46A9-996A-C2D402CACBFB}.Debug|x86.ActiveCfg = Debug|Win32
		{0C2AA2FB-9D6B-46A9-996A-C2D402CACBFB}.Debug|x86.Build.0 = Debug|Win32
		{0C2AA2FB-9D6B-46A9-996A-C2D402CACBFB}.Release|x64.ActiveCfg = Release|x64
		{0C2AA2FB-9D6B-46A9-996A-C2D402CACBFB}.Release|x64.Build.0 = Release|x64
		{0C2AA2FB-9D6B-46A9-996A-C2D402CACBFB}.Release|x86.ActiveCfg = Release|Win32
		{0C2AA2FB-9D6B-46A9-996A-C2D402CACBFB}.Release|x86.Build.0 = Release|Win32
		{4AA57007-7541-483A-B3C4-458F13D9811D}.Debug|x64.ActiveCfg = Debug|x64
		{4AA57007-7541-483A-B3C4-458F13D9811D}.Debug|x64.Build.0 = Debug|x64
		{4AA57007-7541-483A-B3C4-458F13D9811D}.Debug|x86.ActiveCfg = Debug|Win32
		{4AA57007-7541-483A-B3C4-458F13D9811D}.Debug|x86.Build.0 = Debug|Win32
		{4AA57007-7541-483A-B3C4-458F13D9811D}.Release|x64.ActiveCfg = Release|x64
		{4AA57007-7541-483A-B3C4-458F13D9811D}.Release|x64.Build.0 = Release|x64
		{4AA57007-7541-483A-B3C4-458F13D9811D}.Release|x86.ActiveCfg = Release|Win32
		{4AA57007-7541-483A-B3C4-458F13D9811D}.Release|x86.Build.0 = Release|Win32
		{58FA6C9C-FE7F-40AB-91D0-6F3DEEEFCC91}.Debug|x64.ActiveCfg = Debug|x64
		{58FA6C9C-FE7F-40AB-91D0-6F3DEEEFCC91}.Debug|x64.Build.0 = Debug|x64
		{58FA6C9C-FE7F-40AB-91D0-6F3DEEEFCC91}.Debug|x86.ActiveCfg = Debug|Win32
		{58FA6C9C-FE7F-40AB-91D0-6F3DEEEFCC91}.Debug|x86.Build.0 = Debug|Win32
		{58FA6C9C-FE7F-40AB-91D0-6F3DEEEFCC91}.Release|x64.ActiveCfg = Release|x64
		{58FA6C9C-FE7F-40AB-91D0-6F3DEEEFCC91}.Release|x64.Build.0 = Release|x64
		{58FA6C9C-FE7F-40AB-91D0-6F3DEEEFCC91}.Release|x86.ActiveCfg = Release|Win32
		{58FA6C9C-FE7F-40AB-91D0-6F3DEEEFCC91}.Release|x86.Build.0 = Release|Win32
	EndGlobalSection
	GlobalSection(SolutionProperties) = preSolution
		HideSolutionNode = FALSE
	EndGlobalSection
EndGlobal
